
Microsoft Visual Studio Solution File, Format Version 12.00
# Visual Studio Version 17
VisualStudioVersion = 17.4.33213.308
MinimumVisualStudioVersion = 10.0.40219.1
Project("{FAE04EC0-301F-11D3-BF4B-00C04F79EFBC}") = "CafeApp", "CafeApp.csproj", "{2DC6A165-708A-427D-B860-AD28ACEF7291}"
EndProject
Global
	GlobalSection(SolutionConfigurationPlatforms) = preSolution
		Debug|Any CPU = Debug|Any CPU
		Release|Any CPU = Release|Any CPU
	EndGlobalSection
	GlobalSection(ProjectConfigurationPlatforms) = postSolution
		{2DC6A165-708A-427D-B860-AD28ACEF7291}.Debug|Any CPU.ActiveCfg = Debug|Any CPU
		{2DC6A165-708A-427D-B860-AD28ACEF7291}.Debug|Any CPU.Build.0 = Debug|Any CPU
		{2DC6A165-708A-427D-B860-AD28ACEF7291}.Release|Any CPU.ActiveCfg = Release|Any CPU
		{2DC6A165-708A-427D-B860-AD28ACEF7291}.Release|Any CPU.Build.0 = Release|Any CPU
	EndGlobalSection
	GlobalSection(SolutionProperties) = preSolution
		HideSolutionNode = FALSE
	EndGlobalSection
	GlobalSection(ExtensibilityGlobals) = postSolution
		SolutionGuid = {9D4B2618-F75E-4A24-957E-15C1ADB5CFF6}
	EndGlobalSection
EndGlobal
